// !$*UTF8*$!
{
	archiveVersion = 1;
	classes = {
	};
	objectVersion = 48;
	objects = {

/* Begin PBXBuildFile section */
		E8095CA81FFA9C0800BF1681 /* AppDelegate.swift in Sources */ = {isa = PBXBuildFile; fileRef = E8095CA71FFA9C0800BF1681 /* AppDelegate.swift */; };
		E8095CAA1FFA9C0800BF1681 /* ViewController.swift in Sources */ = {isa = PBXBuildFile; fileRef = E8095CA91FFA9C0800BF1681 /* ViewController.swift */; };
		E8095CAD1FFA9C0800BF1681 /* Main.storyboard in Resources */ = {isa = PBXBuildFile; fileRef = E8095CAB1FFA9C0800BF1681 /* Main.storyboard */; };
		E8095CAF1FFA9C0800BF1681 /* Assets.xcassets in Resources */ = {isa = PBXBuildFile; fileRef = E8095CAE1FFA9C0800BF1681 /* Assets.xcassets */; };
		E8095CB21FFA9C0800BF1681 /* LaunchScreen.storyboard in Resources */ = {isa = PBXBuildFile; fileRef = E8095CB01FFA9C0800BF1681 /* LaunchScreen.storyboard */; };
		E8095CBA1FFADB6400BF1681 /* QRViewController.swift in Sources */ = {isa = PBXBuildFile; fileRef = E8095CB91FFADB6400BF1681 /* QRViewController.swift */; };
		E8DB5F201FFAFBAE00532316 /* scanViewController.swift in Sources */ = {isa = PBXBuildFile; fileRef = E8DB5F1F1FFAFBAE00532316 /* scanViewController.swift */; };
		E8DB5F221FFB3FF000532316 /* DetailViewController.swift in Sources */ = {isa = PBXBuildFile; fileRef = E8DB5F211FFB3FF000532316 /* DetailViewController.swift */; };
/* End PBXBuildFile section */

/* Begin PBXFileReference section */
		E8095CA41FFA9C0800BF1681 /* UPass_QR_demo.app */ = {isa = PBXFileReference; explicitFileType = wrapper.application; includeInIndex = 0; path = UPass_QR_demo.app; sourceTree = BUILT_PRODUCTS_DIR; };
		E8095CA71FFA9C0800BF1681 /* AppDelegate.swift */ = {isa = PBXFileReference; lastKnownFileType = sourcecode.swift; path = AppDelegate.swift; sourceTree = "<group>"; };
		E8095CA91FFA9C0800BF1681 /* ViewController.swift */ = {isa = PBXFileReference; lastKnownFileType = sourcecode.swift; path = ViewController.swift; sourceTree = "<group>"; };
		E8095CAC1FFA9C0800BF1681 /* Base */ = {isa = PBXFileReference; lastKnownFileType = file.storyboard; name = Base; path = Base.lproj/Main.storyboard; sourceTree = "<group>"; };
		E8095CAE1FFA9C0800BF1681 /* Assets.xcassets */ = {isa = PBXFileReference; lastKnownFileType = folder.assetcatalog; path = Assets.xcassets; sourceTree = "<group>"; };
		E8095CB11FFA9C0800BF1681 /* Base */ = {isa = PBXFileReference; lastKnownFileType = file.storyboard; name = Base; path = Base.lproj/LaunchScreen.storyboard; sourceTree = "<group>"; };
		E8095CB31FFA9C0800BF1681 /* Info.plist */ = {isa = PBXFileReference; lastKnownFileType = text.plist.xml; path = Info.plist; sourceTree = "<group>"; };
		E8095CB91FFADB6400BF1681 /* QRViewController.swift */ = {isa = PBXFileReference; lastKnownFileType = sourcecode.swift; path = QRViewController.swift; sourceTree = "<group>"; };
		E8DB5F1F1FFAFBAE00532316 /* scanViewController.swift */ = {isa = PBXFileReference; lastKnownFileType = sourcecode.swift; path = scanViewController.swift; sourceTree = "<group>"; };
		E8DB5F211FFB3FF000532316 /* DetailViewController.swift */ = {isa = PBXFileReference; lastKnownFileType = sourcecode.swift; path = DetailViewController.swift; sourceTree = "<group>"; };
/* End PBXFileReference section */

/* Begin PBXFrameworksBuildPhase section */
		E8095CA11FFA9C0800BF1681 /* Frameworks */ = {
			isa = PBXFrameworksBuildPhase;
			buildActionMask = 2147483647;
			files = (
			);
			runOnlyForDeploymentPostprocessing = 0;
		};
/* End PBXFrameworksBuildPhase section */

/* Begin PBXGroup section */
		E8095C9B1FFA9C0800BF1681 = {
			isa = PBXGroup;
			children = (
				E8095CA61FFA9C0800BF1681 /* UPass_QR_demo */,
				E8095CA51FFA9C0800BF1681 /* Products */,
			);
			sourceTree = "<group>";
		};
		E8095CA51FFA9C0800BF1681 /* Products */ = {
			isa = PBXGroup;
			children = (
				E8095CA41FFA9C0800BF1681 /* UPass_QR_demo.app */,
			);
			name = Products;
			sourceTree = "<group>";
		};
		E8095CA61FFA9C0800BF1681 /* UPass_QR_demo */ = {
			isa = PBXGroup;
			children = (
				E8095CA71FFA9C0800BF1681 /* AppDelegate.swift */,
				E8095CA91FFA9C0800BF1681 /* ViewController.swift */,
				E8095CB91FFADB6400BF1681 /* QRViewController.swift */,
				E8DB5F1F1FFAFBAE00532316 /* scanViewController.swift */,
				E8DB5F211FFB3FF000532316 /* DetailViewController.swift */,
				E8095CAB1FFA9C0800BF1681 /* Main.storyboard */,
				E8095CAE1FFA9C0800BF1681 /* Assets.xcassets */,
				E8095CB01FFA9C0800BF1681 /* LaunchScreen.storyboard */,
				E8095CB31FFA9C0800BF1681 /* Info.plist */,
			);
			path = UPass_QR_demo;
			sourceTree = "<group>";
		};
/* End PBXGroup section */

/* Begin PBXNativeTarget section */
		E8095CA31FFA9C0800BF1681 /* UPass_QR_demo */ = {
			isa = PBXNativeTarget;
			buildConfigurationList = E8095CB61FFA9C0800BF1681 /* Build configuration list for PBXNativeTarget "UPass_QR_demo" */;
			buildPhases = (
				E8095CA01FFA9C0800BF1681 /* Sources */,
				E8095CA11FFA9C0800BF1681 /* Frameworks */,
				E8095CA21FFA9C0800BF1681 /* Resources */,
			);
			buildRules = (
			);
			dependencies = (
			);
			name = UPass_QR_demo;
			productName = UPass_QR_demo;
			productReference = E8095CA41FFA9C0800BF1681 /* UPass_QR_demo.app */;
			productType = "com.apple.product-type.application";
		};
/* End PBXNativeTarget section */

/* Begin PBXProject section */
		E8095C9C1FFA9C0800BF1681 /* Project object */ = {
			isa = PBXProject;
			attributes = {
				LastSwiftUpdateCheck = 0920;
				LastUpgradeCheck = 0920;
				ORGANIZATIONNAME = Edwin;
				TargetAttributes = {
					E8095CA31FFA9C0800BF1681 = {
						CreatedOnToolsVersion = 9.2;
						ProvisioningStyle = Automatic;
					};
				};
			};
			buildConfigurationList = E8095C9F1FFA9C0800BF1681 /* Build configuration list for PBXProject "UPass_QR_demo" */;
			compatibilityVersion = "Xcode 8.0";
			developmentRegion = en;
			hasScannedForEncodings = 0;
			knownRegions = (
				en,
				Base,
			);
			mainGroup = E8095C9B1FFA9C0800BF1681;
			productRefGroup = E8095CA51FFA9C0800BF1681 /* Products */;
			projectDirPath = "";
			projectRoot = "";
			targets = (
				E8095CA31FFA9C0800BF1681 /* UPass_QR_demo */,
			);
		};
/* End PBXProject section */

/* Begin PBXResourcesBuildPhase section */
		E8095CA21FFA9C0800BF1681 /* Resources */ = {
			isa = PBXResourcesBuildPhase;
			buildActionMask = 2147483647;
			files = (
				E8095CB21FFA9C0800BF1681 /* LaunchScreen.storyboard in Resources */,
				E8095CAF1FFA9C0800BF1681 /* Assets.xcassets in Resources */,
				E8095CAD1FFA9C0800BF1681 /* Main.storyboard in Resources */,
			);
			runOnlyForDeploymentPostprocessing = 0;
		};
/* End PBXResourcesBuildPhase section */

/* Begin PBXSourcesBuildPhase section */
		E8095CA01FFA9C0800BF1681 /* Sources */ = {
			isa = PBXSourcesBuildPhase;
			buildActionMask = 2147483647;
			files = (
				E8095CAA1FFA9C0800BF1681 /* ViewController.swift in Sources */,
				E8095CA81FFA9C0800BF1681 /* AppDelegate.swift in Sources */,
				E8DB5F221FFB3FF000532316 /* DetailViewController.swift in Sources */,
				E8095CBA1FFADB6400BF1681 /* QRViewController.swift in Sources */,
				E8DB5F201FFAFBAE00532316 /* scanViewController.swift in Sources */,
			);
			runOnlyForDeploymentPostprocessing = 0;
		};
/* End PBXSourcesBuildPhase section */

/* Begin PBXVariantGroup section */
		E8095CAB1FFA9C0800BF1681 /* Main.storyboard */ = {
			isa = PBXVariantGroup;
			children = (
				E8095CAC1FFA9C0800BF1681 /* Base */,
			);
			name = Main.storyboard;
			sourceTree = "<group>";
		};
		E8095CB01FFA9C0800BF1681 /* LaunchScreen.storyboard */ = {
			isa = PBXVariantGroup;
			children = (
				E8095CB11FFA9C0800BF1681 /* Base */,
			);
			name = LaunchScreen.storyboard;
			sourceTree = "<group>";
		};
/* End PBXVariantGroup section */

/* Begin XCBuildConfiguration section */
		E8095CB41FFA9C0800BF1681 /* Debug */ = {
			isa = XCBuildConfiguration;
			buildSettings = {
				ALWAYS_SEARCH_USER_PATHS = NO;
				CLANG_ANALYZER_NONNULL = YES;
				CLANG_ANALYZER_NUMBER_OBJECT_CONVERSION = YES_AGGRESSIVE;
				CLANG_CXX_LANGUAGE_STANDARD = "gnu++14";
				CLANG_CXX_LIBRARY = "libc++";
				CLANG_ENABLE_MODULES = YES;
				CLANG_ENABLE_OBJC_ARC = YES;
				CLANG_WARN_BLOCK_CAPTURE_AUTORELEASING = YES;
				CLANG_WARN_BOOL_CONVERSION = YES;
				CLANG_WARN_COMMA = YES;
				CLANG_WARN_CONSTANT_CONVERSION = YES;
				CLANG_WARN_DIRECT_OBJC_ISA_USAGE = YES_ERROR;
				CLANG_WARN_DOCUMENTATION_COMMENTS = YES;
				CLANG_WARN_EMPTY_BODY = YES;
				CLANG_WARN_ENUM_CONVERSION = YES;
				CLANG_WARN_INFINITE_RECURSION = YES;
				CLANG_WARN_INT_CONVERSION = YES;
				CLANG_WARN_NON_LITERAL_NULL_CONVERSION = YES;
				CLANG_WARN_OBJC_LITERAL_CONVERSION = YES;
				CLANG_WARN_OBJC_ROOT_CLASS = YES_ERROR;
				CLANG_WARN_RANGE_LOOP_ANALYSIS = YES;
				CLANG_WARN_STRICT_PROTOTYPES = YES;
				CLANG_WARN_SUSPICIOUS_MOVE = YES;
				CLANG_WARN_UNGUARDED_AVAILABILITY = YES_AGGRESSIVE;
				CLANG_WARN_UNREACHABLE_CODE = YES;
				CLANG_WARN__DUPLICATE_METHOD_MATCH = YES;
				CODE_SIGN_IDENTITY = "iPhone Developer";
				COPY_PHASE_STRIP = NO;
				DEBUG_INFORMATION_FORMAT = dwarf;
				ENABLE_STRICT_OBJC_MSGSEND = YES;
				ENABLE_TESTABILITY = YES;
				GCC_C_LANGUAGE_STANDARD = gnu11;
				GCC_DYNAMIC_NO_PIC = NO;
				GCC_NO_COMMON_BLOCKS = YES;
				GCC_OPTIMIZATION_LEVEL = 0;
				GCC_PREPROCESSOR_DEFINITIONS = (
					"DEBUG=1",
					"$(inherited)",
				);
				GCC_WARN_64_TO_32_BIT_CONVERSION = YES;
				GCC_WARN_ABOUT_RETURN_TYPE = YES_ERROR;
				GCC_WARN_UNDECLARED_SELECTOR = YES;
				GCC_WARN_UNINITIALIZED_AUTOS = YES_AGGRESSIVE;
				GCC_WARN_UNUSED_FUNCTION = YES;
				GCC_WARN_UNUSED_VARIABLE = YES;
				IPHONEOS_DEPLOYMENT_TARGET = 11.2;
				MTL_ENABLE_DEBUG_INFO = YES;
				ONLY_ACTIVE_ARCH = YES;
				SDKROOT = iphoneos;
				SWIFT_ACTIVE_COMPILATION_CONDITIONS = DEBUG;
				SWIFT_OPTIMIZATION_LEVEL = "-Onone";
			};
			name = Debug;
		};
		E8095CB51FFA9C0800BF1681 /* Release */ = {
			isa = XCBuildConfiguration;
			buildSettings = {
				ALWAYS_SEARCH_USER_PATHS = NO;
				CLANG_ANALYZER_NONNULL = YES;
				CLANG_ANALYZER_NUMBER_OBJECT_CONVERSION = YES_AGGRESSIVE;
				CLANG_CXX_LANGUAGE_STANDARD = "gnu++14";
				CLANG_CXX_LIBRARY = "libc++";
				CLANG_ENABLE_MODULES = YES;
				CLANG_ENABLE_OBJC_ARC = YES;
				CLANG_WARN_BLOCK_CAPTURE_AUTORELEASING = YES;
				CLANG_WARN_BOOL_CONVERSION = YES;
				CLANG_WARN_COMMA = YES;
				CLANG_WARN_CONSTANT_CONVERSION = YES;
				CLANG_WARN_DIRECT_OBJC_ISA_USAGE = YES_ERROR;
				CLANG_WARN_DOCUMENTATION_COMMENTS = YES;
				CLANG_WARN_EMPTY_BODY = YES;
				CLANG_WARN_ENUM_CONVERSION = YES;
				CLANG_WARN_INFINITE_RECURSION = YES;
				CLANG_WARN_INT_CONVERSION = YES;
				CLANG_WARN_NON_LITERAL_NULL_CONVERSION = YES;
				CLANG_WARN_OBJC_LITERAL_CONVERSION = YES;
				CLANG_WARN_OBJC_ROOT_CLASS = YES_ERROR;
				CLANG_WARN_RANGE_LOOP_ANALYSIS = YES;
				CLANG_WARN_STRICT_PROTOTYPES = YES;
				CLANG_WARN_SUSPICIOUS_MOVE = YES;
				CLANG_WARN_UNGUARDED_AVAILABILITY = YES_AGGRESSIVE;
				CLANG_WARN_UNREACHABLE_CODE = YES;
				CLANG_WARN__DUPLICATE_METHOD_MATCH = YES;
				CODE_SIGN_IDENTITY = "iPhone Developer";
				COPY_PHASE_STRIP = NO;
				DEBUG_INFORMATION_FORMAT = "dwarf-with-dsym";
				ENABLE_NS_ASSERTIONS = NO;
				ENABLE_STRICT_OBJC_MSGSEND = YES;
				GCC_C_LANGUAGE_STANDARD = gnu11;
				GCC_NO_COMMON_BLOCKS = YES;
				GCC_WARN_64_TO_32_BIT_CONVERSION = YES;
				GCC_WARN_ABOUT_RETURN_TYPE = YES_ERROR;
				GCC_WARN_UNDECLARED_SELECTOR = YES;
				GCC_WARN_UNINITIALIZED_AUTOS = YES_AGGRESSIVE;
				GCC_WARN_UNUSED_FUNCTION = YES;
				GCC_WARN_UNUSED_VARIABLE = YES;
				IPHONEOS_DEPLOYMENT_TARGET = 11.2;
				MTL_ENABLE_DEBUG_INFO = NO;
				SDKROOT = iphoneos;
				SWIFT_OPTIMIZATION_LEVEL = "-Owholemodule";
				VALIDATE_PRODUCT = YES;
			};
			name = Release;
		};
		E8095CB71FFA9C0800BF1681 /* Debug */ = {
			isa = XCBuildConfiguration;
			buildSettings = {
				ASSETCATALOG_COMPILER_APPICON_NAME = AppIcon;
				CODE_SIGN_STYLE = Automatic;
				DEVELOPMENT_TEAM = GCPU83AAPV;
				INFOPLIST_FILE = UPass_QR_demo/Info.plist;
				IPHONEOS_DEPLOYMENT_TARGET = 10.0;
				LD_RUNPATH_SEARCH_PATHS = "$(inherited) @executable_path/Frameworks";
				PRODUCT_BUNDLE_IDENTIFIER = "com.Edwin.UPass-QR-demo";
				PRODUCT_NAME = "$(TARGET_NAME)";
				SWIFT_VERSION = 4.0;
				TARGETED_DEVICE_FAMILY = 1;
			};
			name = Debug;
		};
		E8095CB81FFA9C0800BF1681 /* Release */ = {
			isa = XCBuildConfiguration;
			buildSettings = {
				ASSETCATALOG_COMPILER_APPICON_NAME = AppIcon;
				CODE_SIGN_STYLE = Automatic;
				DEVELOPMENT_TEAM = GCPU83AAPV;
				INFOPLIST_FILE = UPass_QR_demo/Info.plist;
				IPHONEOS_DEPLOYMENT_TARGET = 10.0;
				LD_RUNPATH_SEARCH_PATHS = "$(inherited) @executable_path/Frameworks";
				PRODUCT_BUNDLE_IDENTIFIER = "com.Edwin.UPass-QR-demo";
				PRODUCT_NAME = "$(TARGET_NAME)";
				SWIFT_VERSION = 4.0;
				TARGETED_DEVICE_FAMILY = 1;
			};
			name = Release;
		};
/* End XCBuildConfiguration section */

/* Begin XCConfigurationList section */
		E8095C9F1FFA9C0800BF1681 /* Build configuration list for PBXProject "UPass_QR_demo" */ = {
			isa = XCConfigurationList;
			buildConfigurations = (
				E8095CB41FFA9C0800BF1681 /* Debug */,
				E8095CB51FFA9C0800BF1681 /* Release */,
			);
			defaultConfigurationIsVisible = 0;
			defaultConfigurationName = Release;
		};
		E8095CB61FFA9C0800BF1681 /* Build configuration list for PBXNativeTarget "UPass_QR_demo" */ = {
			isa = XCConfigurationList;
			buildConfigurations = (
				E8095CB71FFA9C0800BF1681 /* Debug */,
				E8095CB81FFA9C0800BF1681 /* Release */,
			);
			defaultConfigurationIsVisible = 0;
			defaultConfigurationName = Release;
		};
/* End XCConfigurationList section */
	};
	rootObject = E8095C9C1FFA9C0800BF1681 /* Project object */;
}
